// !$*UTF8*$!
{
	archiveVersion = 1;
	classes = {
	};
	objectVersion = 46;
	objects = {

/* Begin PBXBuildFile section */
		F05AC0691C85D08000BF17AD /* UpdateInternetAccountVC.swift in Sources */ = {isa = PBXBuildFile; fileRef = F05AC0681C85D08000BF17AD /* UpdateInternetAccountVC.swift */; };
		F0A3A3231C808ACC006E2AC9 /* CoreData.framework in Frameworks */ = {isa = PBXBuildFile; fileRef = F0A3A3221C808ACC006E2AC9 /* CoreData.framework */; };
		F0A3A3291C809C91006E2AC9 /* Model.xcdatamodeld in Sources */ = {isa = PBXBuildFile; fileRef = F0A3A3271C809C91006E2AC9 /* Model.xcdatamodeld */; };
		F0A3A3301C80AB42006E2AC9 /* InternetAccount+CoreDataProperties.swift in Sources */ = {isa = PBXBuildFile; fileRef = F0A3A32E1C80AB42006E2AC9 /* InternetAccount+CoreDataProperties.swift */; };
		F0A3A3311C80AB42006E2AC9 /* InternetAccount.swift in Sources */ = {isa = PBXBuildFile; fileRef = F0A3A32F1C80AB42006E2AC9 /* InternetAccount.swift */; };
		F0CDCBDB1C7428BA00A1F776 /* AppDelegate.swift in Sources */ = {isa = PBXBuildFile; fileRef = F0CDCBDA1C7428BA00A1F776 /* AppDelegate.swift */; };
		F0CDCBDD1C7428BA00A1F776 /* ViewController.swift in Sources */ = {isa = PBXBuildFile; fileRef = F0CDCBDC1C7428BA00A1F776 /* ViewController.swift */; };
		F0CDCBE01C7428BA00A1F776 /* Main.storyboard in Resources */ = {isa = PBXBuildFile; fileRef = F0CDCBDE1C7428BA00A1F776 /* Main.storyboard */; };
		F0CDCBE21C7428BA00A1F776 /* Assets.xcassets in Resources */ = {isa = PBXBuildFile; fileRef = F0CDCBE11C7428BA00A1F776 /* Assets.xcassets */; };
		F0CDCBE51C7428BA00A1F776 /* LaunchScreen.storyboard in Resources */ = {isa = PBXBuildFile; fileRef = F0CDCBE31C7428BA00A1F776 /* LaunchScreen.storyboard */; };
		F0CDCBF01C7428BA00A1F776 /* Your_ValultTests.swift in Sources */ = {isa = PBXBuildFile; fileRef = F0CDCBEF1C7428BA00A1F776 /* Your_ValultTests.swift */; };
		F0CDCBFB1C7428BA00A1F776 /* Your_ValultUITests.swift in Sources */ = {isa = PBXBuildFile; fileRef = F0CDCBFA1C7428BA00A1F776 /* Your_ValultUITests.swift */; };
		F0F48D871C7F3867002069A3 /* InternetAccountVC.swift in Sources */ = {isa = PBXBuildFile; fileRef = F0F48D861C7F3867002069A3 /* InternetAccountVC.swift */; };
		F0F48D891C7F44B5002069A3 /* EntryInternetAccountVC.swift in Sources */ = {isa = PBXBuildFile; fileRef = F0F48D881C7F44B5002069A3 /* EntryInternetAccountVC.swift */; };
		F0F48D8B1C7F581D002069A3 /* InternetAccountCell.swift in Sources */ = {isa = PBXBuildFile; fileRef = F0F48D8A1C7F581D002069A3 /* InternetAccountCell.swift */; };
/* End PBXBuildFile section */

/* Begin PBXContainerItemProxy section */
		F0CDCBEC1C7428BA00A1F776 /* PBXContainerItemProxy */ = {
			isa = PBXContainerItemProxy;
			containerPortal = F0CDCBCF1C7428BA00A1F776 /* Project object */;
			proxyType = 1;
			remoteGlobalIDString = F0CDCBD61C7428BA00A1F776;
			remoteInfo = "Your Valult";
		};
		F0CDCBF71C7428BA00A1F776 /* PBXContainerItemProxy */ = {
			isa = PBXContainerItemProxy;
			containerPortal = F0CDCBCF1C7428BA00A1F776 /* Project object */;
			proxyType = 1;
			remoteGlobalIDString = F0CDCBD61C7428BA00A1F776;
			remoteInfo = "Your Valult";
		};
/* End PBXContainerItemProxy section */

/* Begin PBXFileReference section */
		F05AC0681C85D08000BF17AD /* UpdateInternetAccountVC.swift */ = {isa = PBXFileReference; fileEncoding = 4; lastKnownFileType = sourcecode.swift; path = UpdateInternetAccountVC.swift; sourceTree = "<group>"; };
		F0A3A3221C808ACC006E2AC9 /* CoreData.framework */ = {isa = PBXFileReference; lastKnownFileType = wrapper.framework; name = CoreData.framework; path = System/Library/Frameworks/CoreData.framework; sourceTree = SDKROOT; };
		F0A3A3281C809C91006E2AC9 /* Model.xcdatamodel */ = {isa = PBXFileReference; lastKnownFileType = wrapper.xcdatamodel; path = Model.xcdatamodel; sourceTree = "<group>"; };
		F0A3A32E1C80AB42006E2AC9 /* InternetAccount+CoreDataProperties.swift */ = {isa = PBXFileReference; fileEncoding = 4; lastKnownFileType = sourcecode.swift; name = "InternetAccount+CoreDataProperties.swift"; path = "../InternetAccount+CoreDataProperties.swift"; sourceTree = "<group>"; };
		F0A3A32F1C80AB42006E2AC9 /* InternetAccount.swift */ = {isa = PBXFileReference; fileEncoding = 4; lastKnownFileType = sourcecode.swift; name = InternetAccount.swift; path = ../InternetAccount.swift; sourceTree = "<group>"; };
		F0CDCBD71C7428BA00A1F776 /* Your Valult.app */ = {isa = PBXFileReference; explicitFileType = wrapper.application; includeInIndex = 0; path = "Your Valult.app"; sourceTree = BUILT_PRODUCTS_DIR; };
		F0CDCBDA1C7428BA00A1F776 /* AppDelegate.swift */ = {isa = PBXFileReference; lastKnownFileType = sourcecode.swift; path = AppDelegate.swift; sourceTree = "<group>"; };
		F0CDCBDC1C7428BA00A1F776 /* ViewController.swift */ = {isa = PBXFileReference; lastKnownFileType = sourcecode.swift; path = ViewController.swift; sourceTree = "<group>"; };
		F0CDCBDF1C7428BA00A1F776 /* Base */ = {isa = PBXFileReference; lastKnownFileType = file.storyboard; name = Base; path = Base.lproj/Main.storyboard; sourceTree = "<group>"; };
		F0CDCBE11C7428BA00A1F776 /* Assets.xcassets */ = {isa = PBXFileReference; lastKnownFileType = folder.assetcatalog; path = Assets.xcassets; sourceTree = "<group>"; };
		F0CDCBE41C7428BA00A1F776 /* Base */ = {isa = PBXFileReference; lastKnownFileType = file.storyboard; name = Base; path = Base.lproj/LaunchScreen.storyboard; sourceTree = "<group>"; };
		F0CDCBE61C7428BA00A1F776 /* Info.plist */ = {isa = PBXFileReference; lastKnownFileType = text.plist.xml; path = Info.plist; sourceTree = "<group>"; };
		F0CDCBEB1C7428BA00A1F776 /* Your ValultTests.xctest */ = {isa = PBXFileReference; explicitFileType = wrapper.cfbundle; includeInIndex = 0; path = "Your ValultTests.xctest"; sourceTree = BUILT_PRODUCTS_DIR; };
		F0CDCBEF1C7428BA00A1F776 /* Your_ValultTests.swift */ = {isa = PBXFileReference; lastKnownFileType = sourcecode.swift; path = Your_ValultTests.swift; sourceTree = "<group>"; };
		F0CDCBF11C7428BA00A1F776 /* Info.plist */ = {isa = PBXFileReference; lastKnownFileType = text.plist.xml; path = Info.plist; sourceTree = "<group>"; };
		F0CDCBF61C7428BA00A1F776 /* Your ValultUITests.xctest */ = {isa = PBXFileReference; explicitFileType = wrapper.cfbundle; includeInIndex = 0; path = "Your ValultUITests.xctest"; sourceTree = BUILT_PRODUCTS_DIR; };
		F0CDCBFA1C7428BA00A1F776 /* Your_ValultUITests.swift */ = {isa = PBXFileReference; lastKnownFileType = sourcecode.swift; path = Your_ValultUITests.swift; sourceTree = "<group>"; };
		F0CDCBFC1C7428BA00A1F776 /* Info.plist */ = {isa = PBXFileReference; lastKnownFileType = text.plist.xml; path = Info.plist; sourceTree = "<group>"; };
		F0F48D861C7F3867002069A3 /* InternetAccountVC.swift */ = {isa = PBXFileReference; fileEncoding = 4; lastKnownFileType = sourcecode.swift; name = InternetAccountVC.swift; path = ../InternetAccountVC.swift; sourceTree = "<group>"; };
		F0F48D881C7F44B5002069A3 /* EntryInternetAccountVC.swift */ = {isa = PBXFileReference; fileEncoding = 4; lastKnownFileType = sourcecode.swift; path = EntryInternetAccountVC.swift; sourceTree = "<group>"; };
		F0F48D8A1C7F581D002069A3 /* InternetAccountCell.swift */ = {isa = PBXFileReference; fileEncoding = 4; lastKnownFileType = sourcecode.swift; path = InternetAccountCell.swift; sourceTree = "<group>"; };
/* End PBXFileReference section */

/* Begin PBXFrameworksBuildPhase section */
		F0CDCBD41C7428BA00A1F776 /* Frameworks */ = {
			isa = PBXFrameworksBuildPhase;
			buildActionMask = 2147483647;
			files = (
				F0A3A3231C808ACC006E2AC9 /* CoreData.framework in Frameworks */,
			);
			runOnlyForDeploymentPostprocessing = 0;
		};
		F0CDCBE81C7428BA00A1F776 /* Frameworks */ = {
			isa = PBXFrameworksBuildPhase;
			buildActionMask = 2147483647;
			files = (
			);
			runOnlyForDeploymentPostprocessing = 0;
		};
		F0CDCBF31C7428BA00A1F776 /* Frameworks */ = {
			isa = PBXFrameworksBuildPhase;
			buildActionMask = 2147483647;
			files = (
			);
			runOnlyForDeploymentPostprocessing = 0;
		};
/* End PBXFrameworksBuildPhase section */

/* Begin PBXGroup section */
		F0CDCBCE1C7428BA00A1F776 = {
			isa = PBXGroup;
			children = (
				F0A3A3221C808ACC006E2AC9 /* CoreData.framework */,
				F0CDCBD91C7428BA00A1F776 /* Your Valult */,
				F0CDCBEE1C7428BA00A1F776 /* Your ValultTests */,
				F0CDCBF91C7428BA00A1F776 /* Your ValultUITests */,
				F0CDCBD81C7428BA00A1F776 /* Products */,
			);
			sourceTree = "<group>";
		};
		F0CDCBD81C7428BA00A1F776 /* Products */ = {
			isa = PBXGroup;
			children = (
				F0CDCBD71C7428BA00A1F776 /* Your Valult.app */,
				F0CDCBEB1C7428BA00A1F776 /* Your ValultTests.xctest */,
				F0CDCBF61C7428BA00A1F776 /* Your ValultUITests.xctest */,
			);
			name = Products;
			sourceTree = "<group>";
		};
		F0CDCBD91C7428BA00A1F776 /* Your Valult */ = {
			isa = PBXGroup;
			children = (
				F0A3A32E1C80AB42006E2AC9 /* InternetAccount+CoreDataProperties.swift */,
				F0A3A32F1C80AB42006E2AC9 /* InternetAccount.swift */,
				F0F48D861C7F3867002069A3 /* InternetAccountVC.swift */,
				F0F48D881C7F44B5002069A3 /* EntryInternetAccountVC.swift */,
				F05AC0681C85D08000BF17AD /* UpdateInternetAccountVC.swift */,
				F0F48D8A1C7F581D002069A3 /* InternetAccountCell.swift */,
				F0CDCBDA1C7428BA00A1F776 /* AppDelegate.swift */,
				F0CDCBDC1C7428BA00A1F776 /* ViewController.swift */,
				F0CDCBDE1C7428BA00A1F776 /* Main.storyboard */,
				F0CDCBE11C7428BA00A1F776 /* Assets.xcassets */,
				F0CDCBE31C7428BA00A1F776 /* LaunchScreen.storyboard */,
				F0A3A3271C809C91006E2AC9 /* Model.xcdatamodeld */,
				F0CDCBE61C7428BA00A1F776 /* Info.plist */,
			);
			path = "Your Valult";
			sourceTree = "<group>";
		};
		F0CDCBEE1C7428BA00A1F776 /* Your ValultTests */ = {
			isa = PBXGroup;
			children = (
				F0CDCBEF1C7428BA00A1F776 /* Your_ValultTests.swift */,
				F0CDCBF11C7428BA00A1F776 /* Info.plist */,
			);
			path = "Your ValultTests";
			sourceTree = "<group>";
		};
		F0CDCBF91C7428BA00A1F776 /* Your ValultUITests */ = {
			isa = PBXGroup;
			children = (
				F0CDCBFA1C7428BA00A1F776 /* Your_ValultUITests.swift */,
				F0CDCBFC1C7428BA00A1F776 /* Info.plist */,
			);
			path = "Your ValultUITests";
			sourceTree = "<group>";
		};
/* End PBXGroup section */

/* Begin PBXNativeTarget section */
		F0CDCBD61C7428BA00A1F776 /* Your Valult */ = {
			isa = PBXNativeTarget;
			buildConfigurationList = F0CDCBFF1C7428BA00A1F776 /* Build configuration list for PBXNativeTarget "Your Valult" */;
			buildPhases = (
				F0CDCBD31C7428BA00A1F776 /* Sources */,
				F0CDCBD41C7428BA00A1F776 /* Frameworks */,
				F0CDCBD51C7428BA00A1F776 /* Resources */,
			);
			buildRules = (
			);
			dependencies = (
			);
			name = "Your Valult";
			productName = "Your Valult";
			productReference = F0CDCBD71C7428BA00A1F776 /* Your Valult.app */;
			productType = "com.apple.product-type.application";
		};
		F0CDCBEA1C7428BA00A1F776 /* Your ValultTests */ = {
			isa = PBXNativeTarget;
			buildConfigurationList = F0CDCC021C7428BA00A1F776 /* Build configuration list for PBXNativeTarget "Your ValultTests" */;
			buildPhases = (
				F0CDCBE71C7428BA00A1F776 /* Sources */,
				F0CDCBE81C7428BA00A1F776 /* Frameworks */,
				F0CDCBE91C7428BA00A1F776 /* Resources */,
			);
			buildRules = (
			);
			dependencies = (
				F0CDCBED1C7428BA00A1F776 /* PBXTargetDependency */,
			);
			name = "Your ValultTests";
			productName = "Your ValultTests";
			productReference = F0CDCBEB1C7428BA00A1F776 /* Your ValultTests.xctest */;
			productType = "com.apple.product-type.bundle.unit-test";
		};
		F0CDCBF51C7428BA00A1F776 /* Your ValultUITests */ = {
			isa = PBXNativeTarget;
			buildConfigurationList = F0CDCC051C7428BA00A1F776 /* Build configuration list for PBXNativeTarget "Your ValultUITests" */;
			buildPhases = (
				F0CDCBF21C7428BA00A1F776 /* Sources */,
				F0CDCBF31C7428BA00A1F776 /* Frameworks */,
				F0CDCBF41C7428BA00A1F776 /* Resources */,
			);
			buildRules = (
			);
			dependencies = (
				F0CDCBF81C7428BA00A1F776 /* PBXTargetDependency */,
			);
			name = "Your ValultUITests";
			productName = "Your ValultUITests";
			productReference = F0CDCBF61C7428BA00A1F776 /* Your ValultUITests.xctest */;
			productType = "com.apple.product-type.bundle.ui-testing";
		};
/* End PBXNativeTarget section */

/* Begin PBXProject section */
		F0CDCBCF1C7428BA00A1F776 /* Project object */ = {
			isa = PBXProject;
			attributes = {
				LastSwiftUpdateCheck = 0710;
				LastUpgradeCheck = 0710;
				ORGANIZATIONNAME = Amrit;
				TargetAttributes = {
					F0CDCBD61C7428BA00A1F776 = {
						CreatedOnToolsVersion = 7.1.1;
						DevelopmentTeam = PVQ3KQ4EA2;
					};
					F0CDCBEA1C7428BA00A1F776 = {
						CreatedOnToolsVersion = 7.1.1;
						TestTargetID = F0CDCBD61C7428BA00A1F776;
					};
					F0CDCBF51C7428BA00A1F776 = {
						CreatedOnToolsVersion = 7.1.1;
						TestTargetID = F0CDCBD61C7428BA00A1F776;
					};
				};
			};
			buildConfigurationList = F0CDCBD21C7428BA00A1F776 /* Build configuration list for PBXProject "Your Valult" */;
			compatibilityVersion = "Xcode 3.2";
			developmentRegion = English;
			hasScannedForEncodings = 0;
			knownRegions = (
				en,
				Base,
			);
			mainGroup = F0CDCBCE1C7428BA00A1F776;
			productRefGroup = F0CDCBD81C7428BA00A1F776 /* Products */;
			projectDirPath = "";
			projectRoot = "";
			targets = (
				F0CDCBD61C7428BA00A1F776 /* Your Valult */,
				F0CDCBEA1C7428BA00A1F776 /* Your ValultTests */,
				F0CDCBF51C7428BA00A1F776 /* Your ValultUITests */,
			);
		};
/* End PBXProject section */

/* Begin PBXResourcesBuildPhase section */
		F0CDCBD51C7428BA00A1F776 /* Resources */ = {
			isa = PBXResourcesBuildPhase;
			buildActionMask = 2147483647;
			files = (
				F0CDCBE51C7428BA00A1F776 /* LaunchScreen.storyboard in Resources */,
				F0CDCBE21C7428BA00A1F776 /* Assets.xcassets in Resources */,
				F0CDCBE01C7428BA00A1F776 /* Main.storyboard in Resources */,
			);
			runOnlyForDeploymentPostprocessing = 0;
		};
		F0CDCBE91C7428BA00A1F776 /* Resources */ = {
			isa = PBXResourcesBuildPhase;
			buildActionMask = 2147483647;
			files = (
			);
			runOnlyForDeploymentPostprocessing = 0;
		};
		F0CDCBF41C7428BA00A1F776 /* Resources */ = {
			isa = PBXResourcesBuildPhase;
			buildActionMask = 2147483647;
			files = (
			);
			runOnlyForDeploymentPostprocessing = 0;
		};
/* End PBXResourcesBuildPhase section */

/* Begin PBXSourcesBuildPhase section */
		F0CDCBD31C7428BA00A1F776 /* Sources */ = {
			isa = PBXSourcesBuildPhase;
			buildActionMask = 2147483647;
			files = (
				F0A3A3301C80AB42006E2AC9 /* InternetAccount+CoreDataProperties.swift in Sources */,
				F0F48D891C7F44B5002069A3 /* EntryInternetAccountVC.swift in Sources */,
				F0F48D8B1C7F581D002069A3 /* InternetAccountCell.swift in Sources */,
				F0CDCBDD1C7428BA00A1F776 /* ViewController.swift in Sources */,
				F0F48D871C7F3867002069A3 /* InternetAccountVC.swift in Sources */,
				F0CDCBDB1C7428BA00A1F776 /* AppDelegate.swift in Sources */,
				F0A3A3311C80AB42006E2AC9 /* InternetAccount.swift in Sources */,
				F0A3A3291C809C91006E2AC9 /* Model.xcdatamodeld in Sources */,
				F05AC0691C85D08000BF17AD /* UpdateInternetAccountVC.swift in Sources */,
			);
			runOnlyForDeploymentPostprocessing = 0;
		};
		F0CDCBE71C7428BA00A1F776 /* Sources */ = {
			isa = PBXSourcesBuildPhase;
			buildActionMask = 2147483647;
			files = (
				F0CDCBF01C7428BA00A1F776 /* Your_ValultTests.swift in Sources */,
			);
			runOnlyForDeploymentPostprocessing = 0;
		};
		F0CDCBF21C7428BA00A1F776 /* Sources */ = {
			isa = PBXSourcesBuildPhase;
			buildActionMask = 2147483647;
			files = (
				F0CDCBFB1C7428BA00A1F776 /* Your_ValultUITests.swift in Sources */,
			);
			runOnlyForDeploymentPostprocessing = 0;
		};
/* End PBXSourcesBuildPhase section */

/* Begin PBXTargetDependency section */
		F0CDCBED1C7428BA00A1F776 /* PBXTargetDependency */ = {
			isa = PBXTargetDependency;
			target = F0CDCBD61C7428BA00A1F776 /* Your Valult */;
			targetProxy = F0CDCBEC1C7428BA00A1F776 /* PBXContainerItemProxy */;
		};
		F0CDCBF81C7428BA00A1F776 /* PBXTargetDependency */ = {
			isa = PBXTargetDependency;
			target = F0CDCBD61C7428BA00A1F776 /* Your Valult */;
			targetProxy = F0CDCBF71C7428BA00A1F776 /* PBXContainerItemProxy */;
		};
/* End PBXTargetDependency section */

/* Begin PBXVariantGroup section */
		F0CDCBDE1C7428BA00A1F776 /* Main.storyboard */ = {
			isa = PBXVariantGroup;
			children = (
				F0CDCBDF1C7428BA00A1F776 /* Base */,
			);
			name = Main.storyboard;
			sourceTree = "<group>";
		};
		F0CDCBE31C7428BA00A1F776 /* LaunchScreen.storyboard */ = {
			isa = PBXVariantGroup;
			children = (
				F0CDCBE41C7428BA00A1F776 /* Base */,
			);
			name = LaunchScreen.storyboard;
			sourceTree = "<group>";
		};
/* End PBXVariantGroup section */

/* Begin XCBuildConfiguration section */
		F0CDCBFD1C7428BA00A1F776 /* Debug */ = {
			isa = XCBuildConfiguration;
			buildSettings = {
				ALWAYS_SEARCH_USER_PATHS = NO;
				CLANG_CXX_LANGUAGE_STANDARD = "gnu++0x";
				CLANG_CXX_LIBRARY = "libc++";
				CLANG_ENABLE_MODULES = YES;
				CLANG_ENABLE_OBJC_ARC = YES;
				CLANG_WARN_BOOL_CONVERSION = YES;
				CLANG_WARN_CONSTANT_CONVERSION = YES;
				CLANG_WARN_DIRECT_OBJC_ISA_USAGE = YES_ERROR;
				CLANG_WARN_EMPTY_BODY = YES;
				CLANG_WARN_ENUM_CONVERSION = YES;
				CLANG_WARN_INT_CONVERSION = YES;
				CLANG_WARN_OBJC_ROOT_CLASS = YES_ERROR;
				CLANG_WARN_UNREACHABLE_CODE = YES;
				CLANG_WARN__DUPLICATE_METHOD_MATCH = YES;
				"CODE_SIGN_IDENTITY[sdk=iphoneos*]" = "iPhone Developer";
				COPY_PHASE_STRIP = NO;
				DEBUG_INFORMATION_FORMAT = dwarf;
				ENABLE_STRICT_OBJC_MSGSEND = YES;
				ENABLE_TESTABILITY = YES;
				GCC_C_LANGUAGE_STANDARD = gnu99;
				GCC_DYNAMIC_NO_PIC = NO;
				GCC_NO_COMMON_BLOCKS = YES;
				GCC_OPTIMIZATION_LEVEL = 0;
				GCC_PREPROCESSOR_DEFINITIONS = (
					"DEBUG=1",
					"$(inherited)",
				);
				GCC_WARN_64_TO_32_BIT_CONVERSION = YES;
				GCC_WARN_ABOUT_RETURN_TYPE = YES_ERROR;
				GCC_WARN_UNDECLARED_SELECTOR = YES;
				GCC_WARN_UNINITIALIZED_AUTOS = YES_AGGRESSIVE;
				GCC_WARN_UNUSED_FUNCTION = YES;
				GCC_WARN_UNUSED_VARIABLE = YES;
				IPHONEOS_DEPLOYMENT_TARGET = 9.1;
				MTL_ENABLE_DEBUG_INFO = YES;
				ONLY_ACTIVE_ARCH = YES;
				SDKROOT = iphoneos;
				SWIFT_OPTIMIZATION_LEVEL = "-Onone";
			};
			name = Debug;
		};
		F0CDCBFE1C7428BA00A1F776 /* Release */ = {
			isa = XCBuildConfiguration;
			buildSettings = {
				ALWAYS_SEARCH_USER_PATHS = NO;
				CLANG_CXX_LANGUAGE_STANDARD = "gnu++0x";
				CLANG_CXX_LIBRARY = "libc++";
				CLANG_ENABLE_MODULES = YES;
				CLANG_ENABLE_OBJC_ARC = YES;
				CLANG_WARN_BOOL_CONVERSION = YES;
				CLANG_WARN_CONSTANT_CONVERSION = YES;
				CLANG_WARN_DIRECT_OBJC_ISA_USAGE = YES_ERROR;
				CLANG_WARN_EMPTY_BODY = YES;
				CLANG_WARN_ENUM_CONVERSION = YES;
				CLANG_WARN_INT_CONVERSION = YES;
				CLANG_WARN_OBJC_ROOT_CLASS = YES_ERROR;
				CLANG_WARN_UNREACHABLE_CODE = YES;
				CLANG_WARN__DUPLICATE_METHOD_MATCH = YES;
				"CODE_SIGN_IDENTITY[sdk=iphoneos*]" = "iPhone Developer";
				COPY_PHASE_STRIP = NO;
				DEBUG_INFORMATION_FORMAT = "dwarf-with-dsym";
				ENABLE_NS_ASSERTIONS = NO;
				ENABLE_STRICT_OBJC_MSGSEND = YES;
				GCC_C_LANGUAGE_STANDARD = gnu99;
				GCC_NO_COMMON_BLOCKS = YES;
				GCC_WARN_64_TO_32_BIT_CONVERSION = YES;
				GCC_WARN_ABOUT_RETURN_TYPE = YES_ERROR;
				GCC_WARN_UNDECLARED_SELECTOR = YES;
				GCC_WARN_UNINITIALIZED_AUTOS = YES_AGGRESSIVE;
				GCC_WARN_UNUSED_FUNCTION = YES;
				GCC_WARN_UNUSED_VARIABLE = YES;
				IPHONEOS_DEPLOYMENT_TARGET = 9.1;
				MTL_ENABLE_DEBUG_INFO = NO;
				SDKROOT = iphoneos;
				VALIDATE_PRODUCT = YES;
			};
			name = Release;
		};
		F0CDCC001C7428BA00A1F776 /* Debug */ = {
			isa = XCBuildConfiguration;
			buildSettings = {
				ASSETCATALOG_COMPILER_APPICON_NAME = AppIcon;
				CODE_SIGN_IDENTITY = "iPhone Developer";
				"CODE_SIGN_IDENTITY[sdk=iphoneos*]" = "iPhone Developer";
				INFOPLIST_FILE = "Your Valult/Info.plist";
				IPHONEOS_DEPLOYMENT_TARGET = 9.0;
				LD_RUNPATH_SEARCH_PATHS = "$(inherited) @executable_path/Frameworks";
				PRODUCT_BUNDLE_IDENTIFIER = "com.amrit.yourValult.Your-Valult";
				PRODUCT_NAME = "$(TARGET_NAME)";
				PROVISIONING_PROFILE = "";
			};
			name = Debug;
		};
		F0CDCC011C7428BA00A1F776 /* Release */ = {
			isa = XCBuildConfiguration;
			buildSettings = {
				ASSETCATALOG_COMPILER_APPICON_NAME = AppIcon;
				CODE_SIGN_IDENTITY = "iPhone Developer";
				"CODE_SIGN_IDENTITY[sdk=iphoneos*]" = "iPhone Developer";
				INFOPLIST_FILE = "Your Valult/Info.plist";
				IPHONEOS_DEPLOYMENT_TARGET = 9.0;
				LD_RUNPATH_SEARCH_PATHS = "$(inherited) @executable_path/Frameworks";
				PRODUCT_BUNDLE_IDENTIFIER = "com.amrit.yourValult.Your-Valult";
				PRODUCT_NAME = "$(TARGET_NAME)";
				PROVISIONING_PROFILE = "";
			};
			name = Release;
		};
		F0CDCC031C7428BA00A1F776 /* Debug */ = {
			isa = XCBuildConfiguration;
			buildSettings = {
				BUNDLE_LOADER = "$(TEST_HOST)";
				INFOPLIST_FILE = "Your ValultTests/Info.plist";
				LD_RUNPATH_SEARCH_PATHS = "$(inherited) @executable_path/Frameworks @loader_path/Frameworks";
				PRODUCT_BUNDLE_IDENTIFIER = "com.amrit.yourValult.Your-ValultTests";
				PRODUCT_NAME = "$(TARGET_NAME)";
				TEST_HOST = "$(BUILT_PRODUCTS_DIR)/Your Valult.app/Your Valult";
			};
			name = Debug;
		};
		F0CDCC041C7428BA00A1F776 /* Release */ = {
			isa = XCBuildConfiguration;
			buildSettings = {
				BUNDLE_LOADER = "$(TEST_HOST)";
				INFOPLIST_FILE = "Your ValultTests/Info.plist";
				LD_RUNPATH_SEARCH_PATHS = "$(inherited) @executable_path/Frameworks @loader_path/Frameworks";
				PRODUCT_BUNDLE_IDENTIFIER = "com.amrit.yourValult.Your-ValultTests";
				PRODUCT_NAME = "$(TARGET_NAME)";
				TEST_HOST = "$(BUILT_PRODUCTS_DIR)/Your Valult.app/Your Valult";
			};
			name = Release;
		};
		F0CDCC061C7428BA00A1F776 /* Debug */ = {
			isa = XCBuildConfiguration;
			buildSettings = {
				INFOPLIST_FILE = "Your ValultUITests/Info.plist";
				LD_RUNPATH_SEARCH_PATHS = "$(inherited) @executable_path/Frameworks @loader_path/Frameworks";
				PRODUCT_BUNDLE_IDENTIFIER = "com.amrit.yourValult.Your-ValultUITests";
				PRODUCT_NAME = "$(TARGET_NAME)";
				TEST_TARGET_NAME = "Your Valult";
				USES_XCTRUNNER = YES;
			};
			name = Debug;
		};
		F0CDCC071C7428BA00A1F776 /* Release */ = {
			isa = XCBuildConfiguration;
			buildSettings = {
				INFOPLIST_FILE = "Your ValultUITests/Info.plist";
				LD_RUNPATH_SEARCH_PATHS = "$(inherited) @executable_path/Frameworks @loader_path/Frameworks";
				PRODUCT_BUNDLE_IDENTIFIER = "com.amrit.yourValult.Your-ValultUITests";
				PRODUCT_NAME = "$(TARGET_NAME)";
				TEST_TARGET_NAME = "Your Valult";
				USES_XCTRUNNER = YES;
			};
			name = Release;
		};
/* End XCBuildConfiguration section */

/* Begin XCConfigurationList section */
		F0CDCBD21C7428BA00A1F776 /* Build configuration list for PBXProject "Your Valult" */ = {
			isa = XCConfigurationList;
			buildConfigurations = (
				F0CDCBFD1C7428BA00A1F776 /* Debug */,
				F0CDCBFE1C7428BA00A1F776 /* Release */,
			);
			defaultConfigurationIsVisible = 0;
			defaultConfigurationName = Release;
		};
		F0CDCBFF1C7428BA00A1F776 /* Build configuration list for PBXNativeTarget "Your Valult" */ = {
			isa = XCConfigurationList;
			buildConfigurations = (
				F0CDCC001C7428BA00A1F776 /* Debug */,
				F0CDCC011C7428BA00A1F776 /* Release */,
			);
			defaultConfigurationIsVisible = 0;
			defaultConfigurationName = Release;
		};
		F0CDCC021C7428BA00A1F776 /* Build configuration list for PBXNativeTarget "Your ValultTests" */ = {
			isa = XCConfigurationList;
			buildConfigurations = (
				F0CDCC031C7428BA00A1F776 /* Debug */,
				F0CDCC041C7428BA00A1F776 /* Release */,
			);
			defaultConfigurationIsVisible = 0;
			defaultConfigurationName = Release;
		};
		F0CDCC051C7428BA00A1F776 /* Build configuration list for PBXNativeTarget "Your ValultUITests" */ = {
			isa = XCConfigurationList;
			buildConfigurations = (
				F0CDCC061C7428BA00A1F776 /* Debug */,
				F0CDCC071C7428BA00A1F776 /* Release */,
			);
			defaultConfigurationIsVisible = 0;
			defaultConfigurationName = Release;
		};
/* End XCConfigurationList section */

/* Begin XCVersionGroup section */
		F0A3A3271C809C91006E2AC9 /* Model.xcdatamodeld */ = {
			isa = XCVersionGroup;
			children = (
				F0A3A3281C809C91006E2AC9 /* Model.xcdatamodel */,
			);
			currentVersion = F0A3A3281C809C91006E2AC9 /* Model.xcdatamodel */;
			name = Model.xcdatamodeld;
			path = ../Model.xcdatamodeld;
			sourceTree = "<group>";
			versionGroupType = wrapper.xcdatamodel;
		};
/* End XCVersionGroup section */
	};
	rootObject = F0CDCBCF1C7428BA00A1F776 /* Project object */;
}
